
Microsoft Visual Studio Solution File, Format Version 12.00
# Visual Studio Version 16
VisualStudioVersion = 16.0.30804.86
MinimumVisualStudioVersion = 10.0.40219.1
Project("{FAE04EC0-301F-11D3-BF4B-00C04F79EFBC}") = "hackaton", "hackaton\hackaton.csproj", "{F26E5F66-CE30-47A5-A0AE-9E6E2162BED3}"
EndProject
Global
	GlobalSection(SolutionConfigurationPlatforms) = preSolution
		Debug|Any CPU = Debug|Any CPU
		Release|Any CPU = Release|Any CPU
	EndGlobalSection
	GlobalSection(ProjectConfigurationPlatforms) = postSolution
		{F26E5F66-CE30-47A5-A0AE-9E6E2162BED3}.Debug|Any CPU.ActiveCfg = Debug|Any CPU
		{F26E5F66-CE30-47A5-A0AE-9E6E2162BED3}.Debug|Any CPU.Build.0 = Debug|Any CPU
		{F26E5F66-CE30-47A5-A0AE-9E6E2162BED3}.Release|Any CPU.ActiveCfg = Release|Any CPU
		{F26E5F66-CE30-47A5-A0AE-9E6E2162BED3}.Release|Any CPU.Build.0 = Release|Any CPU
	EndGlobalSection
	GlobalSection(SolutionProperties) = preSolution
		HideSolutionNode = FALSE
	EndGlobalSection
	GlobalSection(ExtensibilityGlobals) = postSolution
		SolutionGuid = {33BB8812-4D8C-4C53-A305-85D0EB42469A}
	EndGlobalSection
EndGlobal
